
Microsoft Visual Studio Solution File, Format Version 12.00
Project("{FAE04EC0-301F-11D3-BF4B-00C04F79EFBC}") = "BarcodeScannerApp", "BarcodeScannerApp\BarcodeScannerApp.csproj", "{5738A593-E3D6-46B3-9EC3-4E5C9235712E}"
EndProject
Global
	GlobalSection(SolutionConfigurationPlatforms) = preSolution
		Debug|Any CPU = Debug|Any CPU
		Release|Any CPU = Release|Any CPU
	EndGlobalSection
	GlobalSection(ProjectConfigurationPlatforms) = postSolution
		{5738A593-E3D6-46B3-9EC3-4E5C9235712E}.Debug|Any CPU.ActiveCfg = Debug|Any CPU
		{5738A593-E3D6-46B3-9EC3-4E5C9235712E}.Debug|Any CPU.Build.0 = Debug|Any CPU
		{5738A593-E3D6-46B3-9EC3-4E5C9235712E}.Release|Any CPU.ActiveCfg = Release|Any CPU
		{5738A593-E3D6-46B3-9EC3-4E5C9235712E}.Release|Any CPU.Build.0 = Release|Any CPU
	EndGlobalSection
EndGlobal
